
Microsoft Visual Studio Solution File, Format Version 12.00
# Visual Studio Version 16
VisualStudioVersion = 16.0.28803.202
MinimumVisualStudioVersion = 10.0.40219.1
Project("{8BC9CEB8-8B4A-11D0-8D11-00A0C91BC942}") = "GLSLCPP", "GLSL2.vcxproj", "{B33CE8FF-85C9-42D2-9118-3ED884E2A132}"
EndProject
Global
	GlobalSection(SolutionConfigurationPlatforms) = preSolution
		Debug|x64 = Debug|x64
		Debug|x86 = Debug|x86
		Release|x64 = Release|x64
		Release|x86 = Release|x86
	EndGlobalSection
	GlobalSection(ProjectConfigurationPlatforms) = postSolution
		{B33CE8FF-85C9-42D2-9118-3ED884E2A132}.Debug|x64.ActiveCfg = Debug|x64
		{B33CE8FF-85C9-42D2-9118-3ED884E2A132}.Debug|x64.Build.0 = Debug|x64
		{B33CE8FF-85C9-42D2-9118-3ED884E2A132}.Debug|x86.ActiveCfg = Debug|Win32
		{B33CE8FF-85C9-42D2-9118-3ED884E2A132}.Debug|x86.Build.0 = Debug|Win32
		{B33CE8FF-85C9-42D2-9118-3ED884E2A132}.Release|x64.ActiveCfg = Debug|x64
		{B33CE8FF-85C9-42D2-9118-3ED884E2A132}.Release|x64.Build.0 = Debug|x64
		{B33CE8FF-85C9-42D2-9118-3ED884E2A132}.Release|x86.ActiveCfg = Release|Win32
		{B33CE8FF-85C9-42D2-9118-3ED884E2A132}.Release|x86.Build.0 = Release|Win32
	EndGlobalSection
	GlobalSection(SolutionProperties) = preSolution
		HideSolutionNode = FALSE
	EndGlobalSection
	GlobalSection(ExtensibilityGlobals) = postSolution
		SolutionGuid = {29C7D5B0-A431-4484-BF98-C2FEAE07EF47}
	EndGlobalSection
EndGlobal
